
Microsoft Visual Studio Solution File, Format Version 12.00
# Visual Studio Version 17
VisualStudioVersion = 17.0.31903.59
MinimumVisualStudioVersion = 10.0.40219.1
Project("{FAE04EC0-301F-11D3-BF4B-00C04F79EFBC}") = "solidtus", "src\solidtus\solidtus.csproj", "{FB31F853-A5C0-4580-B181-1BE8E5226AC7}"
EndProject
Project("{FAE04EC0-301F-11D3-BF4B-00C04F79EFBC}") = "tests", "tests\tests.csproj", "{EA13763D-18B2-405C-88A6-E33E70F4A02B}"
EndProject
Project("{FAE04EC0-301F-11D3-BF4B-00C04F79EFBC}") = "benchmarks", "benchmarks\benchmarks.csproj", "{24E2658F-A7B3-4040-9794-DD976849DD8A}"
EndProject
Project("{2150E333-8FDC-42A3-9474-1A3956D46DE8}") = "examples", "examples", "{8D844189-674F-44A9-B918-D2DDB8B86EB8}"
EndProject
Project("{FAE04EC0-301F-11D3-BF4B-00C04F79EFBC}") = "dotnetcore", "examples\dotnetcore\dotnetcore.csproj", "{429E2F33-C1A3-4449-A5C0-B9BC22FDC311}"
EndProject
Project("{FAE04EC0-301F-11D3-BF4B-00C04F79EFBC}") = "sveltedotnet", "examples\sveltedotnet\sveltedotnet.csproj", "{78A59B83-23A4-45C7-BCEE-B3EBE4167555}"
EndProject
Project("{FAE04EC0-301F-11D3-BF4B-00C04F79EFBC}") = "minimalapi", "examples\minimalapi\minimalapi.csproj", "{0B62A24C-D89F-4F4A-B6F1-8D2954474CC8}"
EndProject
Project("{2150E333-8FDC-42A3-9474-1A3956D46DE8}") = "src", "src", "{323978EA-5E77-4003-9D63-5634D399BDB2}"
EndProject
Project("{FAE04EC0-301F-11D3-BF4B-00C04F79EFBC}") = "functional", "src\functional\functional.csproj", "{57F6FF15-9F3F-4FC3-9FAD-ED09B10E3109}"
EndProject
Global
	GlobalSection(SolutionConfigurationPlatforms) = preSolution
		Debug|Any CPU = Debug|Any CPU
		Release|Any CPU = Release|Any CPU
	EndGlobalSection
	GlobalSection(SolutionProperties) = preSolution
		HideSolutionNode = FALSE
	EndGlobalSection
	GlobalSection(ProjectConfigurationPlatforms) = postSolution
		{FB31F853-A5C0-4580-B181-1BE8E5226AC7}.Debug|Any CPU.ActiveCfg = Debug|Any CPU
		{FB31F853-A5C0-4580-B181-1BE8E5226AC7}.Debug|Any CPU.Build.0 = Debug|Any CPU
		{FB31F853-A5C0-4580-B181-1BE8E5226AC7}.Release|Any CPU.ActiveCfg = Release|Any CPU
		{FB31F853-A5C0-4580-B181-1BE8E5226AC7}.Release|Any CPU.Build.0 = Release|Any CPU
		{EA13763D-18B2-405C-88A6-E33E70F4A02B}.Debug|Any CPU.ActiveCfg = Debug|Any CPU
		{EA13763D-18B2-405C-88A6-E33E70F4A02B}.Debug|Any CPU.Build.0 = Debug|Any CPU
		{EA13763D-18B2-405C-88A6-E33E70F4A02B}.Release|Any CPU.ActiveCfg = Release|Any CPU
		{EA13763D-18B2-405C-88A6-E33E70F4A02B}.Release|Any CPU.Build.0 = Release|Any CPU
		{24E2658F-A7B3-4040-9794-DD976849DD8A}.Debug|Any CPU.ActiveCfg = Debug|Any CPU
		{24E2658F-A7B3-4040-9794-DD976849DD8A}.Debug|Any CPU.Build.0 = Debug|Any CPU
		{24E2658F-A7B3-4040-9794-DD976849DD8A}.Release|Any CPU.ActiveCfg = Release|Any CPU
		{24E2658F-A7B3-4040-9794-DD976849DD8A}.Release|Any CPU.Build.0 = Release|Any CPU
		{429E2F33-C1A3-4449-A5C0-B9BC22FDC311}.Debug|Any CPU.ActiveCfg = Debug|Any CPU
		{429E2F33-C1A3-4449-A5C0-B9BC22FDC311}.Debug|Any CPU.Build.0 = Debug|Any CPU
		{429E2F33-C1A3-4449-A5C0-B9BC22FDC311}.Release|Any CPU.ActiveCfg = Release|Any CPU
		{429E2F33-C1A3-4449-A5C0-B9BC22FDC311}.Release|Any CPU.Build.0 = Release|Any CPU
		{78A59B83-23A4-45C7-BCEE-B3EBE4167555}.Debug|Any CPU.ActiveCfg = Debug|Any CPU
		{78A59B83-23A4-45C7-BCEE-B3EBE4167555}.Debug|Any CPU.Build.0 = Debug|Any CPU
		{78A59B83-23A4-45C7-BCEE-B3EBE4167555}.Release|Any CPU.ActiveCfg = Release|Any CPU
		{78A59B83-23A4-45C7-BCEE-B3EBE4167555}.Release|Any CPU.Build.0 = Release|Any CPU
		{0B62A24C-D89F-4F4A-B6F1-8D2954474CC8}.Debug|Any CPU.ActiveCfg = Debug|Any CPU
		{0B62A24C-D89F-4F4A-B6F1-8D2954474CC8}.Debug|Any CPU.Build.0 = Debug|Any CPU
		{0B62A24C-D89F-4F4A-B6F1-8D2954474CC8}.Release|Any CPU.ActiveCfg = Release|Any CPU
		{0B62A24C-D89F-4F4A-B6F1-8D2954474CC8}.Release|Any CPU.Build.0 = Release|Any CPU
		{57F6FF15-9F3F-4FC3-9FAD-ED09B10E3109}.Debug|Any CPU.ActiveCfg = Debug|Any CPU
		{57F6FF15-9F3F-4FC3-9FAD-ED09B10E3109}.Debug|Any CPU.Build.0 = Debug|Any CPU
		{57F6FF15-9F3F-4FC3-9FAD-ED09B10E3109}.Release|Any CPU.ActiveCfg = Release|Any CPU
		{57F6FF15-9F3F-4FC3-9FAD-ED09B10E3109}.Release|Any CPU.Build.0 = Release|Any CPU
	EndGlobalSection
	GlobalSection(NestedProjects) = preSolution
		{429E2F33-C1A3-4449-A5C0-B9BC22FDC311} = {8D844189-674F-44A9-B918-D2DDB8B86EB8}
		{78A59B83-23A4-45C7-BCEE-B3EBE4167555} = {8D844189-674F-44A9-B918-D2DDB8B86EB8}
		{0B62A24C-D89F-4F4A-B6F1-8D2954474CC8} = {8D844189-674F-44A9-B918-D2DDB8B86EB8}
		{57F6FF15-9F3F-4FC3-9FAD-ED09B10E3109} = {323978EA-5E77-4003-9D63-5634D399BDB2}
	EndGlobalSection
EndGlobal
