
Microsoft Visual Studio Solution File, Format Version 12.00
# Visual Studio Version 17
VisualStudioVersion = 17.0.31903.59
MinimumVisualStudioVersion = 10.0.40219.1
Project("{FAE04EC0-301F-11D3-BF4B-00C04F79EFBC}") = "solidtus", "src\solidtus.csproj", "{FB31F853-A5C0-4580-B181-1BE8E5226AC7}"
EndProject
Project("{FAE04EC0-301F-11D3-BF4B-00C04F79EFBC}") = "tests", "tests\tests.csproj", "{EA13763D-18B2-405C-88A6-E33E70F4A02B}"
EndProject
Project("{FAE04EC0-301F-11D3-BF4B-00C04F79EFBC}") = "examplesite", "examplesite\examplesite.csproj", "{4327BEAB-274F-4AEF-A876-E3BC9B47AD2B}"
EndProject
Global
	GlobalSection(SolutionConfigurationPlatforms) = preSolution
		Debug|Any CPU = Debug|Any CPU
		Release|Any CPU = Release|Any CPU
	EndGlobalSection
	GlobalSection(SolutionProperties) = preSolution
		HideSolutionNode = FALSE
	EndGlobalSection
	GlobalSection(ProjectConfigurationPlatforms) = postSolution
		{FB31F853-A5C0-4580-B181-1BE8E5226AC7}.Debug|Any CPU.ActiveCfg = Debug|Any CPU
		{FB31F853-A5C0-4580-B181-1BE8E5226AC7}.Debug|Any CPU.Build.0 = Debug|Any CPU
		{FB31F853-A5C0-4580-B181-1BE8E5226AC7}.Release|Any CPU.ActiveCfg = Release|Any CPU
		{FB31F853-A5C0-4580-B181-1BE8E5226AC7}.Release|Any CPU.Build.0 = Release|Any CPU
		{EA13763D-18B2-405C-88A6-E33E70F4A02B}.Debug|Any CPU.ActiveCfg = Debug|Any CPU
		{EA13763D-18B2-405C-88A6-E33E70F4A02B}.Debug|Any CPU.Build.0 = Debug|Any CPU
		{EA13763D-18B2-405C-88A6-E33E70F4A02B}.Release|Any CPU.ActiveCfg = Release|Any CPU
		{EA13763D-18B2-405C-88A6-E33E70F4A02B}.Release|Any CPU.Build.0 = Release|Any CPU
		{4327BEAB-274F-4AEF-A876-E3BC9B47AD2B}.Debug|Any CPU.ActiveCfg = Debug|Any CPU
		{4327BEAB-274F-4AEF-A876-E3BC9B47AD2B}.Debug|Any CPU.Build.0 = Debug|Any CPU
		{4327BEAB-274F-4AEF-A876-E3BC9B47AD2B}.Release|Any CPU.ActiveCfg = Release|Any CPU
		{4327BEAB-274F-4AEF-A876-E3BC9B47AD2B}.Release|Any CPU.Build.0 = Release|Any CPU
	EndGlobalSection
EndGlobal
